
Microsoft Visual Studio Solution File, Format Version 12.00
# Visual Studio 2012
Project("{8BC9CEB8-8B4A-11D0-8D11-00A0C91BC942}") = "section2-9", "section2-9\section2-9.vcxproj", "{A4BCC228-9FE4-487D-94E3-9F4894F6318E}"
EndProject
Global
	GlobalSection(SolutionConfigurationPlatforms) = preSolution
		Debug|Win32 = Debug|Win32
		Release|Win32 = Release|Win32
	EndGlobalSection
	GlobalSection(ProjectConfigurationPlatforms) = postSolution
		{A4BCC228-9FE4-487D-94E3-9F4894F6318E}.Debug|Win32.ActiveCfg = Debug|Win32
		{A4BCC228-9FE4-487D-94E3-9F4894F6318E}.Debug|Win32.Build.0 = Debug|Win32
		{A4BCC228-9FE4-487D-94E3-9F4894F6318E}.Release|Win32.ActiveCfg = Release|Win32
		{A4BCC228-9FE4-487D-94E3-9F4894F6318E}.Release|Win32.Build.0 = Release|Win32
	EndGlobalSection
	GlobalSection(SolutionProperties) = preSolution
		HideSolutionNode = FALSE
	EndGlobalSection
EndGlobal
