
Microsoft Visual Studio Solution File, Format Version 12.00
# Visual Studio 2012
Project("{8BC9CEB8-8B4A-11D0-8D11-00A0C91BC942}") = "section2-10", "section2-10.vcxproj", "{AAE06FC7-DE1C-4BAB-B0E9-9FC51E2DBE9A}"
EndProject
Global
	GlobalSection(SolutionConfigurationPlatforms) = preSolution
		Debug|Win32 = Debug|Win32
		Release|Win32 = Release|Win32
	EndGlobalSection
	GlobalSection(ProjectConfigurationPlatforms) = postSolution
		{AAE06FC7-DE1C-4BAB-B0E9-9FC51E2DBE9A}.Debug|Win32.ActiveCfg = Debug|Win32
		{AAE06FC7-DE1C-4BAB-B0E9-9FC51E2DBE9A}.Debug|Win32.Build.0 = Debug|Win32
		{AAE06FC7-DE1C-4BAB-B0E9-9FC51E2DBE9A}.Release|Win32.ActiveCfg = Release|Win32
		{AAE06FC7-DE1C-4BAB-B0E9-9FC51E2DBE9A}.Release|Win32.Build.0 = Release|Win32
	EndGlobalSection
	GlobalSection(SolutionProperties) = preSolution
		HideSolutionNode = FALSE
	EndGlobalSection
EndGlobal
