
Microsoft Visual Studio Solution File, Format Version 12.00
# Visual Studio 2012
Project("{8BC9CEB8-8B4A-11D0-8D11-00A0C91BC942}") = "Chatdemo", "Chatdemo.vcxproj", "{7543DD27-64E1-408D-AB40-09AAE82BFBBC}"
EndProject
Global
	GlobalSection(SolutionConfigurationPlatforms) = preSolution
		Debug|Win32 = Debug|Win32
		Release|Win32 = Release|Win32
	EndGlobalSection
	GlobalSection(ProjectConfigurationPlatforms) = postSolution
		{7543DD27-64E1-408D-AB40-09AAE82BFBBC}.Debug|Win32.ActiveCfg = Debug|Win32
		{7543DD27-64E1-408D-AB40-09AAE82BFBBC}.Debug|Win32.Build.0 = Debug|Win32
		{7543DD27-64E1-408D-AB40-09AAE82BFBBC}.Release|Win32.ActiveCfg = Release|Win32
		{7543DD27-64E1-408D-AB40-09AAE82BFBBC}.Release|Win32.Build.0 = Release|Win32
	EndGlobalSection
	GlobalSection(SolutionProperties) = preSolution
		HideSolutionNode = FALSE
	EndGlobalSection
EndGlobal
