
Microsoft Visual Studio Solution File, Format Version 12.00
# Visual Studio 2012
Project("{8BC9CEB8-8B4A-11D0-8D11-00A0C91BC942}") = "section2-7", "section2-7.vcxproj", "{E23DCFAA-6C99-4FF7-8F20-28FB7FCDA2A1}"
EndProject
Global
	GlobalSection(SolutionConfigurationPlatforms) = preSolution
		Debug|Win32 = Debug|Win32
		Release|Win32 = Release|Win32
	EndGlobalSection
	GlobalSection(ProjectConfigurationPlatforms) = postSolution
		{E23DCFAA-6C99-4FF7-8F20-28FB7FCDA2A1}.Debug|Win32.ActiveCfg = Debug|Win32
		{E23DCFAA-6C99-4FF7-8F20-28FB7FCDA2A1}.Debug|Win32.Build.0 = Debug|Win32
		{E23DCFAA-6C99-4FF7-8F20-28FB7FCDA2A1}.Release|Win32.ActiveCfg = Release|Win32
		{E23DCFAA-6C99-4FF7-8F20-28FB7FCDA2A1}.Release|Win32.Build.0 = Release|Win32
	EndGlobalSection
	GlobalSection(SolutionProperties) = preSolution
		HideSolutionNode = FALSE
	EndGlobalSection
EndGlobal
